
Microsoft Visual Studio Solution File, Format Version 12.00
# Visual Studio Version 16
VisualStudioVersion = 16.0.808.3
MinimumVisualStudioVersion = 10.0.40219.1
Project("{FAE04EC0-301F-11D3-BF4B-00C04F79EFBC}") = "ahbsd.lib", "ahbsd.lib\ahbsd.lib.csproj", "{31B7E8F6-FB41-4265-807A-D4FF1FA77E91}"
EndProject
Project("{FAE04EC0-301F-11D3-BF4B-00C04F79EFBC}") = "Test_xUnit", "Test_xUnit\Test_xUnit.csproj", "{4710D3B9-B51D-487E-BE62-76A9883BB676}"
EndProject
Global
	GlobalSection(SolutionConfigurationPlatforms) = preSolution
		Debug|Any CPU = Debug|Any CPU
		Release|Any CPU = Release|Any CPU
	EndGlobalSection
	GlobalSection(ProjectConfigurationPlatforms) = postSolution
		{31B7E8F6-FB41-4265-807A-D4FF1FA77E91}.Debug|Any CPU.ActiveCfg = Debug|Any CPU
		{31B7E8F6-FB41-4265-807A-D4FF1FA77E91}.Debug|Any CPU.Build.0 = Debug|Any CPU
		{31B7E8F6-FB41-4265-807A-D4FF1FA77E91}.Release|Any CPU.ActiveCfg = Release|Any CPU
		{31B7E8F6-FB41-4265-807A-D4FF1FA77E91}.Release|Any CPU.Build.0 = Release|Any CPU
		{4710D3B9-B51D-487E-BE62-76A9883BB676}.Debug|Any CPU.ActiveCfg = Debug|Any CPU
		{4710D3B9-B51D-487E-BE62-76A9883BB676}.Debug|Any CPU.Build.0 = Debug|Any CPU
		{4710D3B9-B51D-487E-BE62-76A9883BB676}.Release|Any CPU.ActiveCfg = Release|Any CPU
		{4710D3B9-B51D-487E-BE62-76A9883BB676}.Release|Any CPU.Build.0 = Release|Any CPU
	EndGlobalSection
	GlobalSection(SolutionProperties) = preSolution
		HideSolutionNode = FALSE
	EndGlobalSection
	GlobalSection(ExtensibilityGlobals) = postSolution
		SolutionGuid = {55991894-C0D1-4DC5-A493-C0B6ACD52247}
	EndGlobalSection
	GlobalSection(MonoDevelopProperties) = preSolution
		Policies = $0
		$0.StandardHeader = $1
		$1.Text = @\n Copyright ${Year}  ${CopyrightHolder}\n\n   Licensed under the Apache License, Version 2.0 (the "License");\n   you may not use this file except in compliance with the License.\n   You may obtain a copy of the License at\n\n       http://www.apache.org/licenses/LICENSE-2.0\n\n   Unless required by applicable law or agreed to in writing, software\n   distributed under the License is distributed on an "AS IS" BASIS,\n   WITHOUT WARRANTIES OR CONDITIONS OF ANY KIND, either express or implied.\n   See the License for the specific language governing permissions and\n   limitations under the License.
		$0.VersionControlPolicy = $2
		$0.DotNetNamingPolicy = $3
		$3.DirectoryNamespaceAssociation = PrefixedHierarchical
		$0.TextStylePolicy = $4
		$4.inheritsSet = null
		$4.scope = text/x-csharp
		$0.CSharpFormattingPolicy = $5
		$5.scope = text/x-csharp
		$0.TextStylePolicy = $6
		$6.FileWidth = 80
		$6.TabsToSpaces = True
		$6.scope = text/plain
		description = Solution with the Core library and a Test for debugging and development.
		version = 1.0.0
	EndGlobalSection
EndGlobal
